github.com/0XF0D0/glut v0.0.0-20200416132635-7002b508f2f4/go.mod h1:iBjwU/7m4bUVZ9rWKyHsXGceA1yEqEcPVEwXMwMZeQI=
github.com/0xF0D0/glut v0.0.0-20200416132635-7002b508f2f4 h1:cOehuD3Bt5hCFdvp+4JZHEUn1dxKSUbMHo261kqsrXw=
github.com/0xF0D0/glut v0.0.0-20200416132635-7002b508f2f4/go.mod h1:lNTKyZeZdmv9X8aNo+nG/NkM0FFnbbSEyu8ilby6w1k=
