github.com/0XF0D0/glut v0.0.0-20200415134840-61e3a12a2a37 h1:vBB+qVrijMMWPb8NxnkW/Gwxk0g8utoDd/18Jzwayqs=
github.com/0XF0D0/glut v0.0.0-20200415134840-61e3a12a2a37/go.mod h1:iBjwU/7m4bUVZ9rWKyHsXGceA1yEqEcPVEwXMwMZeQI=
github.com/vbsw/glut v0.0.0-20170827183444-24883f536ef1/go.mod h1:iiPMyVvzZRBVIm5NU/WmDTZAfDuKkJmr+qTldm3FgPo=
